
Microsoft Visual Studio Solution File, Format Version 12.00
# Visual Studio Version 17
VisualStudioVersion = 17.7.34031.279
MinimumVisualStudioVersion = 10.0.40219.1
Project("{2150E333-8FDC-42A3-9474-1A3956D46DE8}") = "Microservices", "Microservices", "{2B62E438-5E31-413F-A55E-D6D8FC3B023C}"
EndProject
Project("{9A19103F-16F7-4668-BE54-9A1E7A4F7556}") = "CustomerService", "CustomerService\CustomerService.csproj", "{191BD329-743D-4D21-B147-D4D838442281}"
EndProject
Project("{9A19103F-16F7-4668-BE54-9A1E7A4F7556}") = "BusinessObjects", "BusinessObjects\BusinessObjects.csproj", "{8D671C32-D920-40AA-BF71-422304D4F912}"
EndProject
Project("{9A19103F-16F7-4668-BE54-9A1E7A4F7556}") = "Ecomerce-APIGateway", "Ecomerce-APIGateway\Ecomerce-APIGateway.csproj", "{9DDACABF-0792-4445-99B1-3E2F15C39272}"
EndProject
Project("{9A19103F-16F7-4668-BE54-9A1E7A4F7556}") = "OrderService", "OrderService\OrderService.csproj", "{04A24AB7-F5E8-46E1-9D5E-C449AA6D868F}"
EndProject
Project("{FAE04EC0-301F-11D3-BF4B-00C04F79EFBC}") = "ProductService", "ProductService\ProductService.csproj", "{0C9131E6-01A5-4E2F-8BEC-21CCD35346D6}"
EndProject
Global
	GlobalSection(SolutionConfigurationPlatforms) = preSolution
		Debug|Any CPU = Debug|Any CPU
		Release|Any CPU = Release|Any CPU
	EndGlobalSection
	GlobalSection(ProjectConfigurationPlatforms) = postSolution
		{191BD329-743D-4D21-B147-D4D838442281}.Debug|Any CPU.ActiveCfg = Debug|Any CPU
		{191BD329-743D-4D21-B147-D4D838442281}.Debug|Any CPU.Build.0 = Debug|Any CPU
		{191BD329-743D-4D21-B147-D4D838442281}.Release|Any CPU.ActiveCfg = Release|Any CPU
		{191BD329-743D-4D21-B147-D4D838442281}.Release|Any CPU.Build.0 = Release|Any CPU
		{8D671C32-D920-40AA-BF71-422304D4F912}.Debug|Any CPU.ActiveCfg = Debug|Any CPU
		{8D671C32-D920-40AA-BF71-422304D4F912}.Debug|Any CPU.Build.0 = Debug|Any CPU
		{8D671C32-D920-40AA-BF71-422304D4F912}.Release|Any CPU.ActiveCfg = Release|Any CPU
		{8D671C32-D920-40AA-BF71-422304D4F912}.Release|Any CPU.Build.0 = Release|Any CPU
		{9DDACABF-0792-4445-99B1-3E2F15C39272}.Debug|Any CPU.ActiveCfg = Debug|Any CPU
		{9DDACABF-0792-4445-99B1-3E2F15C39272}.Debug|Any CPU.Build.0 = Debug|Any CPU
		{9DDACABF-0792-4445-99B1-3E2F15C39272}.Release|Any CPU.ActiveCfg = Release|Any CPU
		{9DDACABF-0792-4445-99B1-3E2F15C39272}.Release|Any CPU.Build.0 = Release|Any CPU
		{04A24AB7-F5E8-46E1-9D5E-C449AA6D868F}.Debug|Any CPU.ActiveCfg = Debug|Any CPU
		{04A24AB7-F5E8-46E1-9D5E-C449AA6D868F}.Debug|Any CPU.Build.0 = Debug|Any CPU
		{04A24AB7-F5E8-46E1-9D5E-C449AA6D868F}.Release|Any CPU.ActiveCfg = Release|Any CPU
		{04A24AB7-F5E8-46E1-9D5E-C449AA6D868F}.Release|Any CPU.Build.0 = Release|Any CPU
		{0C9131E6-01A5-4E2F-8BEC-21CCD35346D6}.Debug|Any CPU.ActiveCfg = Debug|Any CPU
		{0C9131E6-01A5-4E2F-8BEC-21CCD35346D6}.Debug|Any CPU.Build.0 = Debug|Any CPU
		{0C9131E6-01A5-4E2F-8BEC-21CCD35346D6}.Release|Any CPU.ActiveCfg = Release|Any CPU
		{0C9131E6-01A5-4E2F-8BEC-21CCD35346D6}.Release|Any CPU.Build.0 = Release|Any CPU
	EndGlobalSection
	GlobalSection(SolutionProperties) = preSolution
		HideSolutionNode = FALSE
	EndGlobalSection
	GlobalSection(NestedProjects) = preSolution
		{191BD329-743D-4D21-B147-D4D838442281} = {2B62E438-5E31-413F-A55E-D6D8FC3B023C}
		{04A24AB7-F5E8-46E1-9D5E-C449AA6D868F} = {2B62E438-5E31-413F-A55E-D6D8FC3B023C}
		{0C9131E6-01A5-4E2F-8BEC-21CCD35346D6} = {2B62E438-5E31-413F-A55E-D6D8FC3B023C}
	EndGlobalSection
	GlobalSection(ExtensibilityGlobals) = postSolution
		SolutionGuid = {14AFA73A-DE0E-4466-A3D4-1C885F5ADD30}
	EndGlobalSection
EndGlobal
